
Microsoft Visual Studio Solution File, Format Version 12.00
# Visual Studio Version 17
VisualStudioVersion = 17.0.31903.59
MinimumVisualStudioVersion = 10.0.40219.1
Project("{2150E333-8FDC-42A3-9474-1A3956D46DE8}") = "native", "native", "{2F2BA0B1-8447-348E-8DA4-622F0257D38B}"
EndProject
Project("{FAE04EC0-301F-11D3-BF4B-00C04F79EFBC}") = "DisplayTiler.Core", "native\DisplayTiler.Core\DisplayTiler.Core.csproj", "{28AD4B5B-AC84-4D32-98EB-D38233321AE8}"
EndProject
Project("{FAE04EC0-301F-11D3-BF4B-00C04F79EFBC}") = "DisplayTiler.Host", "native\DisplayTiler.Host\DisplayTiler.Host.csproj", "{840D2860-1669-44EE-8514-857DD5DD2756}"
EndProject
Project("{FAE04EC0-301F-11D3-BF4B-00C04F79EFBC}") = "DisplayTiler.Core.Tests", "native\DisplayTiler.Core.Tests\DisplayTiler.Core.Tests.csproj", "{6D0222B8-55CE-4A93-BD34-1CDE41AEBD12}"
EndProject
Global
	GlobalSection(SolutionConfigurationPlatforms) = preSolution
		Debug|Any CPU = Debug|Any CPU
		Debug|x64 = Debug|x64
		Debug|x86 = Debug|x86
		Release|Any CPU = Release|Any CPU
		Release|x64 = Release|x64
		Release|x86 = Release|x86
	EndGlobalSection
	GlobalSection(ProjectConfigurationPlatforms) = postSolution
		{28AD4B5B-AC84-4D32-98EB-D38233321AE8}.Debug|Any CPU.ActiveCfg = Debug|Any CPU
		{28AD4B5B-AC84-4D32-98EB-D38233321AE8}.Debug|Any CPU.Build.0 = Debug|Any CPU
		{28AD4B5B-AC84-4D32-98EB-D38233321AE8}.Debug|x64.ActiveCfg = Debug|Any CPU
		{28AD4B5B-AC84-4D32-98EB-D38233321AE8}.Debug|x64.Build.0 = Debug|Any CPU
		{28AD4B5B-AC84-4D32-98EB-D38233321AE8}.Debug|x86.ActiveCfg = Debug|Any CPU
		{28AD4B5B-AC84-4D32-98EB-D38233321AE8}.Debug|x86.Build.0 = Debug|Any CPU
		{28AD4B5B-AC84-4D32-98EB-D38233321AE8}.Release|Any CPU.ActiveCfg = Release|Any CPU
		{28AD4B5B-AC84-4D32-98EB-D38233321AE8}.Release|Any CPU.Build.0 = Release|Any CPU
		{28AD4B5B-AC84-4D32-98EB-D38233321AE8}.Release|x64.ActiveCfg = Release|Any CPU
		{28AD4B5B-AC84-4D32-98EB-D38233321AE8}.Release|x64.Build.0 = Release|Any CPU
		{28AD4B5B-AC84-4D32-98EB-D38233321AE8}.Release|x86.ActiveCfg = Release|Any CPU
		{28AD4B5B-AC84-4D32-98EB-D38233321AE8}.Release|x86.Build.0 = Release|Any CPU
		{840D2860-1669-44EE-8514-857DD5DD2756}.Debug|Any CPU.ActiveCfg = Debug|Any CPU
		{840D2860-1669-44EE-8514-857DD5DD2756}.Debug|Any CPU.Build.0 = Debug|Any CPU
		{840D2860-1669-44EE-8514-857DD5DD2756}.Debug|x64.ActiveCfg = Debug|Any CPU
		{840D2860-1669-44EE-8514-857DD5DD2756}.Debug|x64.Build.0 = Debug|Any CPU
		{840D2860-1669-44EE-8514-857DD5DD2756}.Debug|x86.ActiveCfg = Debug|Any CPU
		{840D2860-1669-44EE-8514-857DD5DD2756}.Debug|x86.Build.0 = Debug|Any CPU
		{840D2860-1669-44EE-8514-857DD5DD2756}.Release|Any CPU.ActiveCfg = Release|Any CPU
		{840D2860-1669-44EE-8514-857DD5DD2756}.Release|Any CPU.Build.0 = Release|Any CPU
		{840D2860-1669-44EE-8514-857DD5DD2756}.Release|x64.ActiveCfg = Release|Any CPU
		{840D2860-1669-44EE-8514-857DD5DD2756}.Release|x64.Build.0 = Release|Any CPU
		{840D2860-1669-44EE-8514-857DD5DD2756}.Release|x86.ActiveCfg = Release|Any CPU
		{840D2860-1669-44EE-8514-857DD5DD2756}.Release|x86.Build.0 = Release|Any CPU
		{6D0222B8-55CE-4A93-BD34-1CDE41AEBD12}.Debug|Any CPU.ActiveCfg = Debug|Any CPU
		{6D0222B8-55CE-4A93-BD34-1CDE41AEBD12}.Debug|Any CPU.Build.0 = Debug|Any CPU
		{6D0222B8-55CE-4A93-BD34-1CDE41AEBD12}.Debug|x64.ActiveCfg = Debug|Any CPU
		{6D0222B8-55CE-4A93-BD34-1CDE41AEBD12}.Debug|x64.Build.0 = Debug|Any CPU
		{6D0222B8-55CE-4A93-BD34-1CDE41AEBD12}.Debug|x86.ActiveCfg = Debug|Any CPU
		{6D0222B8-55CE-4A93-BD34-1CDE41AEBD12}.Debug|x86.Build.0 = Debug|Any CPU
		{6D0222B8-55CE-4A93-BD34-1CDE41AEBD12}.Release|Any CPU.ActiveCfg = Release|Any CPU
		{6D0222B8-55CE-4A93-BD34-1CDE41AEBD12}.Release|Any CPU.Build.0 = Release|Any CPU
		{6D0222B8-55CE-4A93-BD34-1CDE41AEBD12}.Release|x64.ActiveCfg = Release|Any CPU
		{6D0222B8-55CE-4A93-BD34-1CDE41AEBD12}.Release|x64.Build.0 = Release|Any CPU
		{6D0222B8-55CE-4A93-BD34-1CDE41AEBD12}.Release|x86.ActiveCfg = Release|Any CPU
		{6D0222B8-55CE-4A93-BD34-1CDE41AEBD12}.Release|x86.Build.0 = Release|Any CPU
	EndGlobalSection
	GlobalSection(SolutionProperties) = preSolution
		HideSolutionNode = FALSE
	EndGlobalSection
	GlobalSection(NestedProjects) = preSolution
		{28AD4B5B-AC84-4D32-98EB-D38233321AE8} = {2F2BA0B1-8447-348E-8DA4-622F0257D38B}
		{840D2860-1669-44EE-8514-857DD5DD2756} = {2F2BA0B1-8447-348E-8DA4-622F0257D38B}
		{6D0222B8-55CE-4A93-BD34-1CDE41AEBD12} = {2F2BA0B1-8447-348E-8DA4-622F0257D38B}
	EndGlobalSection
EndGlobal
